
Microsoft Visual Studio Solution File, Format Version 12.00
# Visual Studio 2013
VisualStudioVersion = 12.0.40629.0
MinimumVisualStudioVersion = 10.0.40219.1
Project("{FAE04EC0-301F-11D3-BF4B-00C04F79EFBC}") = "Assessment", "Assessment\Assessment.csproj", "{6353A8F9-1DE0-43E4-BF9F-B34E7506BFD1}"
EndProject
Project("{FAE04EC0-301F-11D3-BF4B-00C04F79EFBC}") = "Assessment.Tests", "Assessment.UTest\Assessment.Tests.csproj", "{B1265401-A0A3-4A7A-AF32-2C63E5EBBDD8}"
EndProject
Global
	GlobalSection(SolutionConfigurationPlatforms) = preSolution
		Debug|Any CPU = Debug|Any CPU
		Release|Any CPU = Release|Any CPU
	EndGlobalSection
	GlobalSection(ProjectConfigurationPlatforms) = postSolution
		{6353A8F9-1DE0-43E4-BF9F-B34E7506BFD1}.Debug|Any CPU.ActiveCfg = Debug|Any CPU
		{6353A8F9-1DE0-43E4-BF9F-B34E7506BFD1}.Debug|Any CPU.Build.0 = Debug|Any CPU
		{6353A8F9-1DE0-43E4-BF9F-B34E7506BFD1}.Release|Any CPU.ActiveCfg = Release|Any CPU
		{6353A8F9-1DE0-43E4-BF9F-B34E7506BFD1}.Release|Any CPU.Build.0 = Release|Any CPU
		{B1265401-A0A3-4A7A-AF32-2C63E5EBBDD8}.Debug|Any CPU.ActiveCfg = Debug|Any CPU
		{B1265401-A0A3-4A7A-AF32-2C63E5EBBDD8}.Debug|Any CPU.Build.0 = Debug|Any CPU
		{B1265401-A0A3-4A7A-AF32-2C63E5EBBDD8}.Release|Any CPU.ActiveCfg = Release|Any CPU
		{B1265401-A0A3-4A7A-AF32-2C63E5EBBDD8}.Release|Any CPU.Build.0 = Release|Any CPU
	EndGlobalSection
	GlobalSection(SolutionProperties) = preSolution
		HideSolutionNode = FALSE
	EndGlobalSection
EndGlobal
